
Microsoft Visual Studio Solution File, Format Version 12.00
# Visual Studio Version 17
VisualStudioVersion = 17.5.2.0
MinimumVisualStudioVersion = 10.0.40219.1
Project("{FAE04EC0-301F-11D3-BF4B-00C04F79EFBC}") = "Stratum", "Stratum.csproj", "{20091A4C-49C9-CF4F-A350-50724B44DD10}"
EndProject
Project("{2150E333-8FDC-42A3-9474-1A3956D46DE8}") = "Source_Compat", "Source_Compat", "{21FFD3C1-EE46-F538-0E2F-9AB282964A95}"
EndProject
Project("{2150E333-8FDC-42A3-9474-1A3956D46DE8}") = "kentington.saveourship2", "kentington.saveourship2", "{3B5043F4-F2F6-C974-EACF-32F3C87CE782}"
EndProject
Project("{2150E333-8FDC-42A3-9474-1A3956D46DE8}") = "ceteam.combatextended", "ceteam.combatextended", "{4B5043F4-F2F6-C974-EACF-32F3C87CE782}"
EndProject
Project("{FAE04EC0-301F-11D3-BF4B-00C04F79EFBC}") = "Stratum_SOS2", "Source_Compat\kentington.saveourship2\1.6\Stratum_SOS2.csproj", "{1D50A229-E8D9-40D0-9F3E-78451A6B341F}"
EndProject
Project("{FAE04EC0-301F-11D3-BF4B-00C04F79EFBC}") = "Stratum_CE", "Source_Compat\ceteam.combatextended\1.6\Stratum_CE.csproj", "{2D50A229-E8D9-40D0-9F3E-78451A6B341F}"
EndProject
Project("{2150E333-8FDC-42A3-9474-1A3956D46DE8}") = "dubwise.dubsskylights", "dubwise.dubsskylights", "{F686D26F-7AA8-F083-2813-683FB4F075CF}"
EndProject
Project("{2150E333-8FDC-42A3-9474-1A3956D46DE8}") = "1.6", "1.6", "{6D3EB9D2-0297-20D1-E944-8ADB363129E6}"
EndProject
Project("{FAE04EC0-301F-11D3-BF4B-00C04F79EFBC}") = "Stratum_DubsSkylights", "Source_Compat\dubwise.dubsskylights\1.6\Stratum_DubsSkylights.csproj", "{F92E888E-BBF3-4115-96F1-C71585C12C72}"
EndProject
Project("{2150E333-8FDC-42A3-9474-1A3956D46DE8}") = "sjaandi.realtiltmod", "sjaandi.realtiltmod", "{62C57815-108B-A95E-9D73-458D69D07988}"
EndProject
Project("{2150E333-8FDC-42A3-9474-1A3956D46DE8}") = "1.6", "1.6", "{07A456F7-78F2-6891-E38C-262ABEA63199}"
EndProject
Project("{FAE04EC0-301F-11D3-BF4B-00C04F79EFBC}") = "Stratum_TiltThePlanet", "Source_Compat\sjaandi.realtiltmod\1.6\Stratum_TiltThePlanet.csproj", "{2D153FF6-2E44-4988-B8DE-475333ACEBEF}"
EndProject
Global
	GlobalSection(SolutionConfigurationPlatforms) = preSolution
		Debug|Any CPU = Debug|Any CPU
		Debug|x64 = Debug|x64
		Debug|x86 = Debug|x86
		Release|Any CPU = Release|Any CPU
		Release|x64 = Release|x64
		Release|x86 = Release|x86
	EndGlobalSection
	GlobalSection(ProjectConfigurationPlatforms) = postSolution
		{20091A4C-49C9-CF4F-A350-50724B44DD10}.Debug|Any CPU.ActiveCfg = Debug|Any CPU
		{20091A4C-49C9-CF4F-A350-50724B44DD10}.Debug|Any CPU.Build.0 = Debug|Any CPU
		{20091A4C-49C9-CF4F-A350-50724B44DD10}.Debug|x64.ActiveCfg = Debug|Any CPU
		{20091A4C-49C9-CF4F-A350-50724B44DD10}.Debug|x64.Build.0 = Debug|Any CPU
		{20091A4C-49C9-CF4F-A350-50724B44DD10}.Debug|x86.ActiveCfg = Debug|Any CPU
		{20091A4C-49C9-CF4F-A350-50724B44DD10}.Debug|x86.Build.0 = Debug|Any CPU
		{20091A4C-49C9-CF4F-A350-50724B44DD10}.Release|Any CPU.ActiveCfg = Release|Any CPU
		{20091A4C-49C9-CF4F-A350-50724B44DD10}.Release|Any CPU.Build.0 = Release|Any CPU
		{20091A4C-49C9-CF4F-A350-50724B44DD10}.Release|x64.ActiveCfg = Release|Any CPU
		{20091A4C-49C9-CF4F-A350-50724B44DD10}.Release|x64.Build.0 = Release|Any CPU
		{20091A4C-49C9-CF4F-A350-50724B44DD10}.Release|x86.ActiveCfg = Release|Any CPU
		{20091A4C-49C9-CF4F-A350-50724B44DD10}.Release|x86.Build.0 = Release|Any CPU
		{1D50A229-E8D9-40D0-9F3E-78451A6B341F}.Debug|Any CPU.ActiveCfg = Debug|Any CPU
		{1D50A229-E8D9-40D0-9F3E-78451A6B341F}.Debug|Any CPU.Build.0 = Debug|Any CPU
		{1D50A229-E8D9-40D0-9F3E-78451A6B341F}.Debug|x64.ActiveCfg = Debug|Any CPU
		{1D50A229-E8D9-40D0-9F3E-78451A6B341F}.Debug|x64.Build.0 = Debug|Any CPU
		{1D50A229-E8D9-40D0-9F3E-78451A6B341F}.Debug|x86.ActiveCfg = Debug|Any CPU
		{1D50A229-E8D9-40D0-9F3E-78451A6B341F}.Debug|x86.Build.0 = Debug|Any CPU
		{1D50A229-E8D9-40D0-9F3E-78451A6B341F}.Release|Any CPU.ActiveCfg = Release|Any CPU
		{1D50A229-E8D9-40D0-9F3E-78451A6B341F}.Release|Any CPU.Build.0 = Release|Any CPU
		{1D50A229-E8D9-40D0-9F3E-78451A6B341F}.Release|x64.ActiveCfg = Release|Any CPU
		{1D50A229-E8D9-40D0-9F3E-78451A6B341F}.Release|x64.Build.0 = Release|Any CPU
		{1D50A229-E8D9-40D0-9F3E-78451A6B341F}.Release|x86.ActiveCfg = Release|Any CPU
		{1D50A229-E8D9-40D0-9F3E-78451A6B341F}.Release|x86.Build.0 = Release|Any CPU
		{2D50A229-E8D9-40D0-9F3E-78451A6B341F}.Debug|Any CPU.ActiveCfg = Debug|Any CPU
		{2D50A229-E8D9-40D0-9F3E-78451A6B341F}.Debug|Any CPU.Build.0 = Debug|Any CPU
		{2D50A229-E8D9-40D0-9F3E-78451A6B341F}.Debug|x64.ActiveCfg = Debug|Any CPU
		{2D50A229-E8D9-40D0-9F3E-78451A6B341F}.Debug|x64.Build.0 = Debug|Any CPU
		{2D50A229-E8D9-40D0-9F3E-78451A6B341F}.Debug|x86.ActiveCfg = Debug|Any CPU
		{2D50A229-E8D9-40D0-9F3E-78451A6B341F}.Debug|x86.Build.0 = Debug|Any CPU
		{2D50A229-E8D9-40D0-9F3E-78451A6B341F}.Release|Any CPU.ActiveCfg = Release|Any CPU
		{2D50A229-E8D9-40D0-9F3E-78451A6B341F}.Release|Any CPU.Build.0 = Release|Any CPU
		{2D50A229-E8D9-40D0-9F3E-78451A6B341F}.Release|x64.ActiveCfg = Release|Any CPU
		{2D50A229-E8D9-40D0-9F3E-78451A6B341F}.Release|x64.Build.0 = Release|Any CPU
		{2D50A229-E8D9-40D0-9F3E-78451A6B341F}.Release|x86.ActiveCfg = Release|Any CPU
		{2D50A229-E8D9-40D0-9F3E-78451A6B341F}.Release|x86.Build.0 = Release|Any CPU
		{F92E888E-BBF3-4115-96F1-C71585C12C72}.Debug|Any CPU.ActiveCfg = Debug|Any CPU
		{F92E888E-BBF3-4115-96F1-C71585C12C72}.Debug|Any CPU.Build.0 = Debug|Any CPU
		{F92E888E-BBF3-4115-96F1-C71585C12C72}.Debug|x64.ActiveCfg = Debug|Any CPU
		{F92E888E-BBF3-4115-96F1-C71585C12C72}.Debug|x64.Build.0 = Debug|Any CPU
		{F92E888E-BBF3-4115-96F1-C71585C12C72}.Debug|x86.ActiveCfg = Debug|Any CPU
		{F92E888E-BBF3-4115-96F1-C71585C12C72}.Debug|x86.Build.0 = Debug|Any CPU
		{F92E888E-BBF3-4115-96F1-C71585C12C72}.Release|Any CPU.ActiveCfg = Release|Any CPU
		{F92E888E-BBF3-4115-96F1-C71585C12C72}.Release|Any CPU.Build.0 = Release|Any CPU
		{F92E888E-BBF3-4115-96F1-C71585C12C72}.Release|x64.ActiveCfg = Release|Any CPU
		{F92E888E-BBF3-4115-96F1-C71585C12C72}.Release|x64.Build.0 = Release|Any CPU
		{F92E888E-BBF3-4115-96F1-C71585C12C72}.Release|x86.ActiveCfg = Release|Any CPU
		{F92E888E-BBF3-4115-96F1-C71585C12C72}.Release|x86.Build.0 = Release|Any CPU
		{2D153FF6-2E44-4988-B8DE-475333ACEBEF}.Debug|Any CPU.ActiveCfg = Debug|Any CPU
		{2D153FF6-2E44-4988-B8DE-475333ACEBEF}.Debug|Any CPU.Build.0 = Debug|Any CPU
		{2D153FF6-2E44-4988-B8DE-475333ACEBEF}.Debug|x64.ActiveCfg = Debug|Any CPU
		{2D153FF6-2E44-4988-B8DE-475333ACEBEF}.Debug|x64.Build.0 = Debug|Any CPU
		{2D153FF6-2E44-4988-B8DE-475333ACEBEF}.Debug|x86.ActiveCfg = Debug|Any CPU
		{2D153FF6-2E44-4988-B8DE-475333ACEBEF}.Debug|x86.Build.0 = Debug|Any CPU
		{2D153FF6-2E44-4988-B8DE-475333ACEBEF}.Release|Any CPU.ActiveCfg = Release|Any CPU
		{2D153FF6-2E44-4988-B8DE-475333ACEBEF}.Release|Any CPU.Build.0 = Release|Any CPU
		{2D153FF6-2E44-4988-B8DE-475333ACEBEF}.Release|x64.ActiveCfg = Release|Any CPU
		{2D153FF6-2E44-4988-B8DE-475333ACEBEF}.Release|x64.Build.0 = Release|Any CPU
		{2D153FF6-2E44-4988-B8DE-475333ACEBEF}.Release|x86.ActiveCfg = Release|Any CPU
		{2D153FF6-2E44-4988-B8DE-475333ACEBEF}.Release|x86.Build.0 = Release|Any CPU
	EndGlobalSection
	GlobalSection(SolutionProperties) = preSolution
		HideSolutionNode = FALSE
	EndGlobalSection
	GlobalSection(NestedProjects) = preSolution
		{3B5043F4-F2F6-C974-EACF-32F3C87CE782} = {21FFD3C1-EE46-F538-0E2F-9AB282964A95}
		{4B5043F4-F2F6-C974-EACF-32F3C87CE782} = {21FFD3C1-EE46-F538-0E2F-9AB282964A95}
		{1D50A229-E8D9-40D0-9F3E-78451A6B341F} = {3B5043F4-F2F6-C974-EACF-32F3C87CE782}
		{2D50A229-E8D9-40D0-9F3E-78451A6B341F} = {4B5043F4-F2F6-C974-EACF-32F3C87CE782}
		{F686D26F-7AA8-F083-2813-683FB4F075CF} = {21FFD3C1-EE46-F538-0E2F-9AB282964A95}
		{6D3EB9D2-0297-20D1-E944-8ADB363129E6} = {F686D26F-7AA8-F083-2813-683FB4F075CF}
		{F92E888E-BBF3-4115-96F1-C71585C12C72} = {6D3EB9D2-0297-20D1-E944-8ADB363129E6}
		{62C57815-108B-A95E-9D73-458D69D07988} = {21FFD3C1-EE46-F538-0E2F-9AB282964A95}
		{07A456F7-78F2-6891-E38C-262ABEA63199} = {62C57815-108B-A95E-9D73-458D69D07988}
		{2D153FF6-2E44-4988-B8DE-475333ACEBEF} = {07A456F7-78F2-6891-E38C-262ABEA63199}
	EndGlobalSection
	GlobalSection(ExtensibilityGlobals) = postSolution
		SolutionGuid = {6271CF5C-6679-42C7-93BD-436EA57AE909}
	EndGlobalSection
EndGlobal
